
Microsoft Visual Studio Solution File, Format Version 12.00
# Visual Studio 15
VisualStudioVersion = 15.0.28307.168
MinimumVisualStudioVersion = 10.0.40219.1
Project("{9A19103F-16F7-4668-BE54-9A1E7A4F7556}") = "Identity.Manager", "Identity.Manager\Identity.Manager.csproj", "{0A85BFAE-3086-45B4-A89F-8DB6BAB252A3}"
EndProject
Project("{9A19103F-16F7-4668-BE54-9A1E7A4F7556}") = "Identity.DbContexts", "Identity.DbContexts\Identity.DbContexts.csproj", "{A403146D-B6E0-459D-AC7E-02E893AE1553}"
EndProject
Project("{9A19103F-16F7-4668-BE54-9A1E7A4F7556}") = "Identity.TokenService.Types", "Identity.TokenService.Types\Identity.TokenService.Types.csproj", "{EB9F85DF-5545-45F2-BE3B-E2A0A30F08E0}"
EndProject
Project("{9A19103F-16F7-4668-BE54-9A1E7A4F7556}") = "IdentityManager2", "IdentityManager2\IdentityManager2.csproj", "{92CEF36C-46B6-4836-A081-0B3A3C7B37D2}"
EndProject
Global
	GlobalSection(SolutionConfigurationPlatforms) = preSolution
		Debug|Any CPU = Debug|Any CPU
		Release|Any CPU = Release|Any CPU
	EndGlobalSection
	GlobalSection(ProjectConfigurationPlatforms) = postSolution
		{0A85BFAE-3086-45B4-A89F-8DB6BAB252A3}.Debug|Any CPU.ActiveCfg = Debug|Any CPU
		{0A85BFAE-3086-45B4-A89F-8DB6BAB252A3}.Debug|Any CPU.Build.0 = Debug|Any CPU
		{0A85BFAE-3086-45B4-A89F-8DB6BAB252A3}.Release|Any CPU.ActiveCfg = Release|Any CPU
		{0A85BFAE-3086-45B4-A89F-8DB6BAB252A3}.Release|Any CPU.Build.0 = Release|Any CPU
		{A403146D-B6E0-459D-AC7E-02E893AE1553}.Debug|Any CPU.ActiveCfg = Debug|Any CPU
		{A403146D-B6E0-459D-AC7E-02E893AE1553}.Debug|Any CPU.Build.0 = Debug|Any CPU
		{A403146D-B6E0-459D-AC7E-02E893AE1553}.Release|Any CPU.ActiveCfg = Release|Any CPU
		{A403146D-B6E0-459D-AC7E-02E893AE1553}.Release|Any CPU.Build.0 = Release|Any CPU
		{EB9F85DF-5545-45F2-BE3B-E2A0A30F08E0}.Debug|Any CPU.ActiveCfg = Debug|Any CPU
		{EB9F85DF-5545-45F2-BE3B-E2A0A30F08E0}.Debug|Any CPU.Build.0 = Debug|Any CPU
		{EB9F85DF-5545-45F2-BE3B-E2A0A30F08E0}.Release|Any CPU.ActiveCfg = Release|Any CPU
		{EB9F85DF-5545-45F2-BE3B-E2A0A30F08E0}.Release|Any CPU.Build.0 = Release|Any CPU
		{92CEF36C-46B6-4836-A081-0B3A3C7B37D2}.Debug|Any CPU.ActiveCfg = Debug|Any CPU
		{92CEF36C-46B6-4836-A081-0B3A3C7B37D2}.Debug|Any CPU.Build.0 = Debug|Any CPU
		{92CEF36C-46B6-4836-A081-0B3A3C7B37D2}.Release|Any CPU.ActiveCfg = Release|Any CPU
		{92CEF36C-46B6-4836-A081-0B3A3C7B37D2}.Release|Any CPU.Build.0 = Release|Any CPU
	EndGlobalSection
	GlobalSection(SolutionProperties) = preSolution
		HideSolutionNode = FALSE
	EndGlobalSection
	GlobalSection(ExtensibilityGlobals) = postSolution
		SolutionGuid = {0955567D-4669-4128-AF64-6391580A9C4B}
	EndGlobalSection
EndGlobal
