
Microsoft Visual Studio Solution File, Format Version 12.00
# Visual Studio 15
VisualStudioVersion = 15.0.28307.168
MinimumVisualStudioVersion = 10.0.40219.1
Project("{FAE04EC0-301F-11D3-BF4B-00C04F79EFBC}") = "Identity.Manager", "Identity.Manager\Identity.Manager.csproj", "{0A85BFAE-3086-45B4-A89F-8DB6BAB252A3}"
EndProject
Global
	GlobalSection(SolutionConfigurationPlatforms) = preSolution
		Debug|Any CPU = Debug|Any CPU
		Release|Any CPU = Release|Any CPU
	EndGlobalSection
	GlobalSection(ProjectConfigurationPlatforms) = postSolution
		{0A85BFAE-3086-45B4-A89F-8DB6BAB252A3}.Debug|Any CPU.ActiveCfg = Debug|Any CPU
		{0A85BFAE-3086-45B4-A89F-8DB6BAB252A3}.Debug|Any CPU.Build.0 = Debug|Any CPU
		{0A85BFAE-3086-45B4-A89F-8DB6BAB252A3}.Release|Any CPU.ActiveCfg = Release|Any CPU
		{0A85BFAE-3086-45B4-A89F-8DB6BAB252A3}.Release|Any CPU.Build.0 = Release|Any CPU
	EndGlobalSection
	GlobalSection(SolutionProperties) = preSolution
		HideSolutionNode = FALSE
	EndGlobalSection
	GlobalSection(ExtensibilityGlobals) = postSolution
		SolutionGuid = {0955567D-4669-4128-AF64-6391580A9C4B}
	EndGlobalSection
EndGlobal
